
Microsoft Visual Studio Solution File, Format Version 12.00
# Visual Studio Version 16
VisualStudioVersion = 16.0.28803.352
MinimumVisualStudioVersion = 15.0.26124.0
Project("{FAE04EC0-301F-11D3-BF4B-00C04F79EFBC}") = "Server", "Server\Server.csproj", "{4BE3EDC7-7250-46B6-AC26-B4FF4F3831C9}"
EndProject
Project("{FAE04EC0-301F-11D3-BF4B-00C04F79EFBC}") = "WebClient", "WebClient\WebClient.csproj", "{033A815F-08B9-4012-B177-2E98C7974ABB}"
EndProject
Project("{2150E333-8FDC-42A3-9474-1A3956D46DE8}") = "3.Logic", "3.Logic", "{04B970C2-B88F-43A7-BE7F-453FFC61F217}"
EndProject
Project("{2150E333-8FDC-42A3-9474-1A3956D46DE8}") = "5.Common", "5.Common", "{943E306F-1E23-4710-B70F-8542220613D3}"
EndProject
Project("{2150E333-8FDC-42A3-9474-1A3956D46DE8}") = "1.UI", "1.UI", "{3B6A48AB-FDFA-47E1-AE2D-DAB75CFE459C}"
EndProject
Project("{2150E333-8FDC-42A3-9474-1A3956D46DE8}") = "2.Services", "2.Services", "{1CFFA26F-6F55-40E2-AEFB-3B6CC0F4BD60}"
EndProject
Project("{2150E333-8FDC-42A3-9474-1A3956D46DE8}") = "4.DataAccess", "4.DataAccess", "{705ABA5F-54F7-45FA-B2BA-2D2C95A16B8B}"
EndProject
Project("{FAE04EC0-301F-11D3-BF4B-00C04F79EFBC}") = "LibCore", "LibCore\LibCore.csproj", "{35C17B3E-C811-4A16-9339-C8C9B0CAC2DA}"
EndProject
Project("{FAE04EC0-301F-11D3-BF4B-00C04F79EFBC}") = "Common", "Common\Common.csproj", "{483728E2-ADE7-48A9-B699-1ACDF31331A6}"
EndProject
Project("{FAE04EC0-301F-11D3-BF4B-00C04F79EFBC}") = "Database", "Database\Database.csproj", "{B918052B-1D5B-4EAE-A550-5142D48D15B7}"
EndProject
Project("{FAE04EC0-301F-11D3-BF4B-00C04F79EFBC}") = "DataModels", "DataModels\DataModels.csproj", "{367D7DA4-C041-4A4F-B6FF-786A6D78A4BD}"
EndProject
Global
	GlobalSection(SolutionConfigurationPlatforms) = preSolution
		Debug|Any CPU = Debug|Any CPU
		Debug|x64 = Debug|x64
		Debug|x86 = Debug|x86
		Release|Any CPU = Release|Any CPU
		Release|x64 = Release|x64
		Release|x86 = Release|x86
	EndGlobalSection
	GlobalSection(ProjectConfigurationPlatforms) = postSolution
		{4BE3EDC7-7250-46B6-AC26-B4FF4F3831C9}.Debug|Any CPU.ActiveCfg = Debug|Any CPU
		{4BE3EDC7-7250-46B6-AC26-B4FF4F3831C9}.Debug|Any CPU.Build.0 = Debug|Any CPU
		{4BE3EDC7-7250-46B6-AC26-B4FF4F3831C9}.Debug|x64.ActiveCfg = Debug|Any CPU
		{4BE3EDC7-7250-46B6-AC26-B4FF4F3831C9}.Debug|x64.Build.0 = Debug|Any CPU
		{4BE3EDC7-7250-46B6-AC26-B4FF4F3831C9}.Debug|x86.ActiveCfg = Debug|Any CPU
		{4BE3EDC7-7250-46B6-AC26-B4FF4F3831C9}.Debug|x86.Build.0 = Debug|Any CPU
		{4BE3EDC7-7250-46B6-AC26-B4FF4F3831C9}.Release|Any CPU.ActiveCfg = Release|Any CPU
		{4BE3EDC7-7250-46B6-AC26-B4FF4F3831C9}.Release|Any CPU.Build.0 = Release|Any CPU
		{4BE3EDC7-7250-46B6-AC26-B4FF4F3831C9}.Release|x64.ActiveCfg = Release|Any CPU
		{4BE3EDC7-7250-46B6-AC26-B4FF4F3831C9}.Release|x64.Build.0 = Release|Any CPU
		{4BE3EDC7-7250-46B6-AC26-B4FF4F3831C9}.Release|x86.ActiveCfg = Release|Any CPU
		{4BE3EDC7-7250-46B6-AC26-B4FF4F3831C9}.Release|x86.Build.0 = Release|Any CPU
		{033A815F-08B9-4012-B177-2E98C7974ABB}.Debug|Any CPU.ActiveCfg = Debug|Any CPU
		{033A815F-08B9-4012-B177-2E98C7974ABB}.Debug|Any CPU.Build.0 = Debug|Any CPU
		{033A815F-08B9-4012-B177-2E98C7974ABB}.Debug|x64.ActiveCfg = Debug|Any CPU
		{033A815F-08B9-4012-B177-2E98C7974ABB}.Debug|x64.Build.0 = Debug|Any CPU
		{033A815F-08B9-4012-B177-2E98C7974ABB}.Debug|x86.ActiveCfg = Debug|Any CPU
		{033A815F-08B9-4012-B177-2E98C7974ABB}.Debug|x86.Build.0 = Debug|Any CPU
		{033A815F-08B9-4012-B177-2E98C7974ABB}.Release|Any CPU.ActiveCfg = Release|Any CPU
		{033A815F-08B9-4012-B177-2E98C7974ABB}.Release|Any CPU.Build.0 = Release|Any CPU
		{033A815F-08B9-4012-B177-2E98C7974ABB}.Release|x64.ActiveCfg = Release|Any CPU
		{033A815F-08B9-4012-B177-2E98C7974ABB}.Release|x64.Build.0 = Release|Any CPU
		{033A815F-08B9-4012-B177-2E98C7974ABB}.Release|x86.ActiveCfg = Release|Any CPU
		{033A815F-08B9-4012-B177-2E98C7974ABB}.Release|x86.Build.0 = Release|Any CPU
		{35C17B3E-C811-4A16-9339-C8C9B0CAC2DA}.Debug|Any CPU.ActiveCfg = Debug|Any CPU
		{35C17B3E-C811-4A16-9339-C8C9B0CAC2DA}.Debug|Any CPU.Build.0 = Debug|Any CPU
		{35C17B3E-C811-4A16-9339-C8C9B0CAC2DA}.Debug|x64.ActiveCfg = Debug|Any CPU
		{35C17B3E-C811-4A16-9339-C8C9B0CAC2DA}.Debug|x64.Build.0 = Debug|Any CPU
		{35C17B3E-C811-4A16-9339-C8C9B0CAC2DA}.Debug|x86.ActiveCfg = Debug|Any CPU
		{35C17B3E-C811-4A16-9339-C8C9B0CAC2DA}.Debug|x86.Build.0 = Debug|Any CPU
		{35C17B3E-C811-4A16-9339-C8C9B0CAC2DA}.Release|Any CPU.ActiveCfg = Release|Any CPU
		{35C17B3E-C811-4A16-9339-C8C9B0CAC2DA}.Release|Any CPU.Build.0 = Release|Any CPU
		{35C17B3E-C811-4A16-9339-C8C9B0CAC2DA}.Release|x64.ActiveCfg = Release|Any CPU
		{35C17B3E-C811-4A16-9339-C8C9B0CAC2DA}.Release|x64.Build.0 = Release|Any CPU
		{35C17B3E-C811-4A16-9339-C8C9B0CAC2DA}.Release|x86.ActiveCfg = Release|Any CPU
		{35C17B3E-C811-4A16-9339-C8C9B0CAC2DA}.Release|x86.Build.0 = Release|Any CPU
		{483728E2-ADE7-48A9-B699-1ACDF31331A6}.Debug|Any CPU.ActiveCfg = Debug|Any CPU
		{483728E2-ADE7-48A9-B699-1ACDF31331A6}.Debug|Any CPU.Build.0 = Debug|Any CPU
		{483728E2-ADE7-48A9-B699-1ACDF31331A6}.Debug|x64.ActiveCfg = Debug|Any CPU
		{483728E2-ADE7-48A9-B699-1ACDF31331A6}.Debug|x64.Build.0 = Debug|Any CPU
		{483728E2-ADE7-48A9-B699-1ACDF31331A6}.Debug|x86.ActiveCfg = Debug|Any CPU
		{483728E2-ADE7-48A9-B699-1ACDF31331A6}.Debug|x86.Build.0 = Debug|Any CPU
		{483728E2-ADE7-48A9-B699-1ACDF31331A6}.Release|Any CPU.ActiveCfg = Release|Any CPU
		{483728E2-ADE7-48A9-B699-1ACDF31331A6}.Release|Any CPU.Build.0 = Release|Any CPU
		{483728E2-ADE7-48A9-B699-1ACDF31331A6}.Release|x64.ActiveCfg = Release|Any CPU
		{483728E2-ADE7-48A9-B699-1ACDF31331A6}.Release|x64.Build.0 = Release|Any CPU
		{483728E2-ADE7-48A9-B699-1ACDF31331A6}.Release|x86.ActiveCfg = Release|Any CPU
		{483728E2-ADE7-48A9-B699-1ACDF31331A6}.Release|x86.Build.0 = Release|Any CPU
		{B918052B-1D5B-4EAE-A550-5142D48D15B7}.Debug|Any CPU.ActiveCfg = Debug|Any CPU
		{B918052B-1D5B-4EAE-A550-5142D48D15B7}.Debug|Any CPU.Build.0 = Debug|Any CPU
		{B918052B-1D5B-4EAE-A550-5142D48D15B7}.Debug|x64.ActiveCfg = Debug|Any CPU
		{B918052B-1D5B-4EAE-A550-5142D48D15B7}.Debug|x64.Build.0 = Debug|Any CPU
		{B918052B-1D5B-4EAE-A550-5142D48D15B7}.Debug|x86.ActiveCfg = Debug|Any CPU
		{B918052B-1D5B-4EAE-A550-5142D48D15B7}.Debug|x86.Build.0 = Debug|Any CPU
		{B918052B-1D5B-4EAE-A550-5142D48D15B7}.Release|Any CPU.ActiveCfg = Release|Any CPU
		{B918052B-1D5B-4EAE-A550-5142D48D15B7}.Release|Any CPU.Build.0 = Release|Any CPU
		{B918052B-1D5B-4EAE-A550-5142D48D15B7}.Release|x64.ActiveCfg = Release|Any CPU
		{B918052B-1D5B-4EAE-A550-5142D48D15B7}.Release|x64.Build.0 = Release|Any CPU
		{B918052B-1D5B-4EAE-A550-5142D48D15B7}.Release|x86.ActiveCfg = Release|Any CPU
		{B918052B-1D5B-4EAE-A550-5142D48D15B7}.Release|x86.Build.0 = Release|Any CPU
		{367D7DA4-C041-4A4F-B6FF-786A6D78A4BD}.Debug|Any CPU.ActiveCfg = Debug|Any CPU
		{367D7DA4-C041-4A4F-B6FF-786A6D78A4BD}.Debug|Any CPU.Build.0 = Debug|Any CPU
		{367D7DA4-C041-4A4F-B6FF-786A6D78A4BD}.Debug|x64.ActiveCfg = Debug|Any CPU
		{367D7DA4-C041-4A4F-B6FF-786A6D78A4BD}.Debug|x64.Build.0 = Debug|Any CPU
		{367D7DA4-C041-4A4F-B6FF-786A6D78A4BD}.Debug|x86.ActiveCfg = Debug|Any CPU
		{367D7DA4-C041-4A4F-B6FF-786A6D78A4BD}.Debug|x86.Build.0 = Debug|Any CPU
		{367D7DA4-C041-4A4F-B6FF-786A6D78A4BD}.Release|Any CPU.ActiveCfg = Release|Any CPU
		{367D7DA4-C041-4A4F-B6FF-786A6D78A4BD}.Release|Any CPU.Build.0 = Release|Any CPU
		{367D7DA4-C041-4A4F-B6FF-786A6D78A4BD}.Release|x64.ActiveCfg = Release|Any CPU
		{367D7DA4-C041-4A4F-B6FF-786A6D78A4BD}.Release|x64.Build.0 = Release|Any CPU
		{367D7DA4-C041-4A4F-B6FF-786A6D78A4BD}.Release|x86.ActiveCfg = Release|Any CPU
		{367D7DA4-C041-4A4F-B6FF-786A6D78A4BD}.Release|x86.Build.0 = Release|Any CPU
	EndGlobalSection
	GlobalSection(SolutionProperties) = preSolution
		HideSolutionNode = FALSE
	EndGlobalSection
	GlobalSection(NestedProjects) = preSolution
		{4BE3EDC7-7250-46B6-AC26-B4FF4F3831C9} = {1CFFA26F-6F55-40E2-AEFB-3B6CC0F4BD60}
		{033A815F-08B9-4012-B177-2E98C7974ABB} = {3B6A48AB-FDFA-47E1-AE2D-DAB75CFE459C}
		{35C17B3E-C811-4A16-9339-C8C9B0CAC2DA} = {04B970C2-B88F-43A7-BE7F-453FFC61F217}
		{483728E2-ADE7-48A9-B699-1ACDF31331A6} = {943E306F-1E23-4710-B70F-8542220613D3}
		{B918052B-1D5B-4EAE-A550-5142D48D15B7} = {705ABA5F-54F7-45FA-B2BA-2D2C95A16B8B}
		{367D7DA4-C041-4A4F-B6FF-786A6D78A4BD} = {943E306F-1E23-4710-B70F-8542220613D3}
	EndGlobalSection
	GlobalSection(ExtensibilityGlobals) = postSolution
		SolutionGuid = {3C37FFCA-F689-45E3-9227-D742827967C2}
	EndGlobalSection
EndGlobal
